
Microsoft Visual Studio Solution File, Format Version 12.00
# Visual Studio 15
VisualStudioVersion = 15.0.26124.0
MinimumVisualStudioVersion = 15.0.26124.0
Project("{FAE04EC0-301F-11D3-BF4B-00C04F79EFBC}") = "Serita.Data", "Data\Serita.Data.csproj", "{21CAE7F9-5D18-4C3C-8CBC-31C00FEE9311}"
EndProject
Project("{FAE04EC0-301F-11D3-BF4B-00C04F79EFBC}") = "Serita.Domain", "Domain\Serita.Domain.csproj", "{63A93D89-31C9-482A-85C8-4A5AEDB395DB}"
EndProject
Project("{FAE04EC0-301F-11D3-BF4B-00C04F79EFBC}") = "Serita.Model", "Model\Serita.Model.csproj", "{A2102D90-2679-4859-8047-7E240BF59841}"
EndProject
Project("{FAE04EC0-301F-11D3-BF4B-00C04F79EFBC}") = "Serita.Service", "Service\Serita.Service.csproj", "{F02F95C4-EF2C-4652-8A53-2F17C3232B76}"
EndProject
Project("{FAE04EC0-301F-11D3-BF4B-00C04F79EFBC}") = "Serita.Test", "Test\Serita.Test.csproj", "{B82BB6E3-DFE7-432E-9C1D-64E54E283308}"
EndProject
Project("{FAE04EC0-301F-11D3-BF4B-00C04F79EFBC}") = "Serita.Business", "Business\Serita.Business.csproj", "{AE2A4074-8579-458C-9654-CAB76EC215AA}"
EndProject
Global
	GlobalSection(SolutionConfigurationPlatforms) = preSolution
		Debug|Any CPU = Debug|Any CPU
		Debug|x64 = Debug|x64
		Debug|x86 = Debug|x86
		Release|Any CPU = Release|Any CPU
		Release|x64 = Release|x64
		Release|x86 = Release|x86
	EndGlobalSection
	GlobalSection(SolutionProperties) = preSolution
		HideSolutionNode = FALSE
	EndGlobalSection
	GlobalSection(ProjectConfigurationPlatforms) = postSolution
		{21CAE7F9-5D18-4C3C-8CBC-31C00FEE9311}.Debug|Any CPU.ActiveCfg = Debug|Any CPU
		{21CAE7F9-5D18-4C3C-8CBC-31C00FEE9311}.Debug|Any CPU.Build.0 = Debug|Any CPU
		{21CAE7F9-5D18-4C3C-8CBC-31C00FEE9311}.Debug|x64.ActiveCfg = Debug|Any CPU
		{21CAE7F9-5D18-4C3C-8CBC-31C00FEE9311}.Debug|x64.Build.0 = Debug|Any CPU
		{21CAE7F9-5D18-4C3C-8CBC-31C00FEE9311}.Debug|x86.ActiveCfg = Debug|Any CPU
		{21CAE7F9-5D18-4C3C-8CBC-31C00FEE9311}.Debug|x86.Build.0 = Debug|Any CPU
		{21CAE7F9-5D18-4C3C-8CBC-31C00FEE9311}.Release|Any CPU.ActiveCfg = Release|Any CPU
		{21CAE7F9-5D18-4C3C-8CBC-31C00FEE9311}.Release|Any CPU.Build.0 = Release|Any CPU
		{21CAE7F9-5D18-4C3C-8CBC-31C00FEE9311}.Release|x64.ActiveCfg = Release|Any CPU
		{21CAE7F9-5D18-4C3C-8CBC-31C00FEE9311}.Release|x64.Build.0 = Release|Any CPU
		{21CAE7F9-5D18-4C3C-8CBC-31C00FEE9311}.Release|x86.ActiveCfg = Release|Any CPU
		{21CAE7F9-5D18-4C3C-8CBC-31C00FEE9311}.Release|x86.Build.0 = Release|Any CPU
		{63A93D89-31C9-482A-85C8-4A5AEDB395DB}.Debug|Any CPU.ActiveCfg = Debug|Any CPU
		{63A93D89-31C9-482A-85C8-4A5AEDB395DB}.Debug|Any CPU.Build.0 = Debug|Any CPU
		{63A93D89-31C9-482A-85C8-4A5AEDB395DB}.Debug|x64.ActiveCfg = Debug|Any CPU
		{63A93D89-31C9-482A-85C8-4A5AEDB395DB}.Debug|x64.Build.0 = Debug|Any CPU
		{63A93D89-31C9-482A-85C8-4A5AEDB395DB}.Debug|x86.ActiveCfg = Debug|Any CPU
		{63A93D89-31C9-482A-85C8-4A5AEDB395DB}.Debug|x86.Build.0 = Debug|Any CPU
		{63A93D89-31C9-482A-85C8-4A5AEDB395DB}.Release|Any CPU.ActiveCfg = Release|Any CPU
		{63A93D89-31C9-482A-85C8-4A5AEDB395DB}.Release|Any CPU.Build.0 = Release|Any CPU
		{63A93D89-31C9-482A-85C8-4A5AEDB395DB}.Release|x64.ActiveCfg = Release|Any CPU
		{63A93D89-31C9-482A-85C8-4A5AEDB395DB}.Release|x64.Build.0 = Release|Any CPU
		{63A93D89-31C9-482A-85C8-4A5AEDB395DB}.Release|x86.ActiveCfg = Release|Any CPU
		{63A93D89-31C9-482A-85C8-4A5AEDB395DB}.Release|x86.Build.0 = Release|Any CPU
		{A2102D90-2679-4859-8047-7E240BF59841}.Debug|Any CPU.ActiveCfg = Debug|Any CPU
		{A2102D90-2679-4859-8047-7E240BF59841}.Debug|Any CPU.Build.0 = Debug|Any CPU
		{A2102D90-2679-4859-8047-7E240BF59841}.Debug|x64.ActiveCfg = Debug|Any CPU
		{A2102D90-2679-4859-8047-7E240BF59841}.Debug|x64.Build.0 = Debug|Any CPU
		{A2102D90-2679-4859-8047-7E240BF59841}.Debug|x86.ActiveCfg = Debug|Any CPU
		{A2102D90-2679-4859-8047-7E240BF59841}.Debug|x86.Build.0 = Debug|Any CPU
		{A2102D90-2679-4859-8047-7E240BF59841}.Release|Any CPU.ActiveCfg = Release|Any CPU
		{A2102D90-2679-4859-8047-7E240BF59841}.Release|Any CPU.Build.0 = Release|Any CPU
		{A2102D90-2679-4859-8047-7E240BF59841}.Release|x64.ActiveCfg = Release|Any CPU
		{A2102D90-2679-4859-8047-7E240BF59841}.Release|x64.Build.0 = Release|Any CPU
		{A2102D90-2679-4859-8047-7E240BF59841}.Release|x86.ActiveCfg = Release|Any CPU
		{A2102D90-2679-4859-8047-7E240BF59841}.Release|x86.Build.0 = Release|Any CPU
		{F02F95C4-EF2C-4652-8A53-2F17C3232B76}.Debug|Any CPU.ActiveCfg = Debug|Any CPU
		{F02F95C4-EF2C-4652-8A53-2F17C3232B76}.Debug|Any CPU.Build.0 = Debug|Any CPU
		{F02F95C4-EF2C-4652-8A53-2F17C3232B76}.Debug|x64.ActiveCfg = Debug|Any CPU
		{F02F95C4-EF2C-4652-8A53-2F17C3232B76}.Debug|x64.Build.0 = Debug|Any CPU
		{F02F95C4-EF2C-4652-8A53-2F17C3232B76}.Debug|x86.ActiveCfg = Debug|Any CPU
		{F02F95C4-EF2C-4652-8A53-2F17C3232B76}.Debug|x86.Build.0 = Debug|Any CPU
		{F02F95C4-EF2C-4652-8A53-2F17C3232B76}.Release|Any CPU.ActiveCfg = Release|Any CPU
		{F02F95C4-EF2C-4652-8A53-2F17C3232B76}.Release|Any CPU.Build.0 = Release|Any CPU
		{F02F95C4-EF2C-4652-8A53-2F17C3232B76}.Release|x64.ActiveCfg = Release|Any CPU
		{F02F95C4-EF2C-4652-8A53-2F17C3232B76}.Release|x64.Build.0 = Release|Any CPU
		{F02F95C4-EF2C-4652-8A53-2F17C3232B76}.Release|x86.ActiveCfg = Release|Any CPU
		{F02F95C4-EF2C-4652-8A53-2F17C3232B76}.Release|x86.Build.0 = Release|Any CPU
		{B82BB6E3-DFE7-432E-9C1D-64E54E283308}.Debug|Any CPU.ActiveCfg = Debug|Any CPU
		{B82BB6E3-DFE7-432E-9C1D-64E54E283308}.Debug|Any CPU.Build.0 = Debug|Any CPU
		{B82BB6E3-DFE7-432E-9C1D-64E54E283308}.Debug|x64.ActiveCfg = Debug|Any CPU
		{B82BB6E3-DFE7-432E-9C1D-64E54E283308}.Debug|x64.Build.0 = Debug|Any CPU
		{B82BB6E3-DFE7-432E-9C1D-64E54E283308}.Debug|x86.ActiveCfg = Debug|Any CPU
		{B82BB6E3-DFE7-432E-9C1D-64E54E283308}.Debug|x86.Build.0 = Debug|Any CPU
		{B82BB6E3-DFE7-432E-9C1D-64E54E283308}.Release|Any CPU.ActiveCfg = Release|Any CPU
		{B82BB6E3-DFE7-432E-9C1D-64E54E283308}.Release|Any CPU.Build.0 = Release|Any CPU
		{B82BB6E3-DFE7-432E-9C1D-64E54E283308}.Release|x64.ActiveCfg = Release|Any CPU
		{B82BB6E3-DFE7-432E-9C1D-64E54E283308}.Release|x64.Build.0 = Release|Any CPU
		{B82BB6E3-DFE7-432E-9C1D-64E54E283308}.Release|x86.ActiveCfg = Release|Any CPU
		{B82BB6E3-DFE7-432E-9C1D-64E54E283308}.Release|x86.Build.0 = Release|Any CPU
		{AE2A4074-8579-458C-9654-CAB76EC215AA}.Debug|Any CPU.ActiveCfg = Debug|Any CPU
		{AE2A4074-8579-458C-9654-CAB76EC215AA}.Debug|Any CPU.Build.0 = Debug|Any CPU
		{AE2A4074-8579-458C-9654-CAB76EC215AA}.Debug|x64.ActiveCfg = Debug|Any CPU
		{AE2A4074-8579-458C-9654-CAB76EC215AA}.Debug|x64.Build.0 = Debug|Any CPU
		{AE2A4074-8579-458C-9654-CAB76EC215AA}.Debug|x86.ActiveCfg = Debug|Any CPU
		{AE2A4074-8579-458C-9654-CAB76EC215AA}.Debug|x86.Build.0 = Debug|Any CPU
		{AE2A4074-8579-458C-9654-CAB76EC215AA}.Release|Any CPU.ActiveCfg = Release|Any CPU
		{AE2A4074-8579-458C-9654-CAB76EC215AA}.Release|Any CPU.Build.0 = Release|Any CPU
		{AE2A4074-8579-458C-9654-CAB76EC215AA}.Release|x64.ActiveCfg = Release|Any CPU
		{AE2A4074-8579-458C-9654-CAB76EC215AA}.Release|x64.Build.0 = Release|Any CPU
		{AE2A4074-8579-458C-9654-CAB76EC215AA}.Release|x86.ActiveCfg = Release|Any CPU
		{AE2A4074-8579-458C-9654-CAB76EC215AA}.Release|x86.Build.0 = Release|Any CPU
	EndGlobalSection
EndGlobal
