
Microsoft Visual Studio Solution File, Format Version 12.00
# Visual Studio 15
VisualStudioVersion = 15.0.26124.0
MinimumVisualStudioVersion = 15.0.26124.0
Project("{FAE04EC0-301F-11D3-BF4B-00C04F79EFBC}") = "Member.Data", "Data\Member.Data.csproj", "{FC0D9C8B-8073-4D57-8C40-F90E9F43932B}"
EndProject
Project("{FAE04EC0-301F-11D3-BF4B-00C04F79EFBC}") = "Member.Domain", "Domain\Member.Domain.csproj", "{B060DCE5-0F3D-4A4F-8ABC-52C52C8C9D3D}"
EndProject
Project("{FAE04EC0-301F-11D3-BF4B-00C04F79EFBC}") = "Member.Model", "Model\Member.Model.csproj", "{B25A96DF-EB6C-4FE8-A796-9BE12D518507}"
EndProject
Project("{FAE04EC0-301F-11D3-BF4B-00C04F79EFBC}") = "Member.Service", "Service\Member.Service.csproj", "{BC877CB5-0D34-486B-AC6B-399426183E57}"
EndProject
Project("{FAE04EC0-301F-11D3-BF4B-00C04F79EFBC}") = "Member.Test", "Test\Member.Test.csproj", "{30D8C048-61AC-40D7-8741-D73BE2C6D1B5}"
EndProject
Global
	GlobalSection(SolutionConfigurationPlatforms) = preSolution
		Debug|Any CPU = Debug|Any CPU
		Debug|x64 = Debug|x64
		Debug|x86 = Debug|x86
		Release|Any CPU = Release|Any CPU
		Release|x64 = Release|x64
		Release|x86 = Release|x86
	EndGlobalSection
	GlobalSection(SolutionProperties) = preSolution
		HideSolutionNode = FALSE
	EndGlobalSection
	GlobalSection(ProjectConfigurationPlatforms) = postSolution
		{FC0D9C8B-8073-4D57-8C40-F90E9F43932B}.Debug|Any CPU.ActiveCfg = Debug|Any CPU
		{FC0D9C8B-8073-4D57-8C40-F90E9F43932B}.Debug|Any CPU.Build.0 = Debug|Any CPU
		{FC0D9C8B-8073-4D57-8C40-F90E9F43932B}.Debug|x64.ActiveCfg = Debug|Any CPU
		{FC0D9C8B-8073-4D57-8C40-F90E9F43932B}.Debug|x64.Build.0 = Debug|Any CPU
		{FC0D9C8B-8073-4D57-8C40-F90E9F43932B}.Debug|x86.ActiveCfg = Debug|Any CPU
		{FC0D9C8B-8073-4D57-8C40-F90E9F43932B}.Debug|x86.Build.0 = Debug|Any CPU
		{FC0D9C8B-8073-4D57-8C40-F90E9F43932B}.Release|Any CPU.ActiveCfg = Release|Any CPU
		{FC0D9C8B-8073-4D57-8C40-F90E9F43932B}.Release|Any CPU.Build.0 = Release|Any CPU
		{FC0D9C8B-8073-4D57-8C40-F90E9F43932B}.Release|x64.ActiveCfg = Release|Any CPU
		{FC0D9C8B-8073-4D57-8C40-F90E9F43932B}.Release|x64.Build.0 = Release|Any CPU
		{FC0D9C8B-8073-4D57-8C40-F90E9F43932B}.Release|x86.ActiveCfg = Release|Any CPU
		{FC0D9C8B-8073-4D57-8C40-F90E9F43932B}.Release|x86.Build.0 = Release|Any CPU
		{B060DCE5-0F3D-4A4F-8ABC-52C52C8C9D3D}.Debug|Any CPU.ActiveCfg = Debug|Any CPU
		{B060DCE5-0F3D-4A4F-8ABC-52C52C8C9D3D}.Debug|Any CPU.Build.0 = Debug|Any CPU
		{B060DCE5-0F3D-4A4F-8ABC-52C52C8C9D3D}.Debug|x64.ActiveCfg = Debug|Any CPU
		{B060DCE5-0F3D-4A4F-8ABC-52C52C8C9D3D}.Debug|x64.Build.0 = Debug|Any CPU
		{B060DCE5-0F3D-4A4F-8ABC-52C52C8C9D3D}.Debug|x86.ActiveCfg = Debug|Any CPU
		{B060DCE5-0F3D-4A4F-8ABC-52C52C8C9D3D}.Debug|x86.Build.0 = Debug|Any CPU
		{B060DCE5-0F3D-4A4F-8ABC-52C52C8C9D3D}.Release|Any CPU.ActiveCfg = Release|Any CPU
		{B060DCE5-0F3D-4A4F-8ABC-52C52C8C9D3D}.Release|Any CPU.Build.0 = Release|Any CPU
		{B060DCE5-0F3D-4A4F-8ABC-52C52C8C9D3D}.Release|x64.ActiveCfg = Release|Any CPU
		{B060DCE5-0F3D-4A4F-8ABC-52C52C8C9D3D}.Release|x64.Build.0 = Release|Any CPU
		{B060DCE5-0F3D-4A4F-8ABC-52C52C8C9D3D}.Release|x86.ActiveCfg = Release|Any CPU
		{B060DCE5-0F3D-4A4F-8ABC-52C52C8C9D3D}.Release|x86.Build.0 = Release|Any CPU
		{B25A96DF-EB6C-4FE8-A796-9BE12D518507}.Debug|Any CPU.ActiveCfg = Debug|Any CPU
		{B25A96DF-EB6C-4FE8-A796-9BE12D518507}.Debug|Any CPU.Build.0 = Debug|Any CPU
		{B25A96DF-EB6C-4FE8-A796-9BE12D518507}.Debug|x64.ActiveCfg = Debug|Any CPU
		{B25A96DF-EB6C-4FE8-A796-9BE12D518507}.Debug|x64.Build.0 = Debug|Any CPU
		{B25A96DF-EB6C-4FE8-A796-9BE12D518507}.Debug|x86.ActiveCfg = Debug|Any CPU
		{B25A96DF-EB6C-4FE8-A796-9BE12D518507}.Debug|x86.Build.0 = Debug|Any CPU
		{B25A96DF-EB6C-4FE8-A796-9BE12D518507}.Release|Any CPU.ActiveCfg = Release|Any CPU
		{B25A96DF-EB6C-4FE8-A796-9BE12D518507}.Release|Any CPU.Build.0 = Release|Any CPU
		{B25A96DF-EB6C-4FE8-A796-9BE12D518507}.Release|x64.ActiveCfg = Release|Any CPU
		{B25A96DF-EB6C-4FE8-A796-9BE12D518507}.Release|x64.Build.0 = Release|Any CPU
		{B25A96DF-EB6C-4FE8-A796-9BE12D518507}.Release|x86.ActiveCfg = Release|Any CPU
		{B25A96DF-EB6C-4FE8-A796-9BE12D518507}.Release|x86.Build.0 = Release|Any CPU
		{BC877CB5-0D34-486B-AC6B-399426183E57}.Debug|Any CPU.ActiveCfg = Debug|Any CPU
		{BC877CB5-0D34-486B-AC6B-399426183E57}.Debug|Any CPU.Build.0 = Debug|Any CPU
		{BC877CB5-0D34-486B-AC6B-399426183E57}.Debug|x64.ActiveCfg = Debug|Any CPU
		{BC877CB5-0D34-486B-AC6B-399426183E57}.Debug|x64.Build.0 = Debug|Any CPU
		{BC877CB5-0D34-486B-AC6B-399426183E57}.Debug|x86.ActiveCfg = Debug|Any CPU
		{BC877CB5-0D34-486B-AC6B-399426183E57}.Debug|x86.Build.0 = Debug|Any CPU
		{BC877CB5-0D34-486B-AC6B-399426183E57}.Release|Any CPU.ActiveCfg = Release|Any CPU
		{BC877CB5-0D34-486B-AC6B-399426183E57}.Release|Any CPU.Build.0 = Release|Any CPU
		{BC877CB5-0D34-486B-AC6B-399426183E57}.Release|x64.ActiveCfg = Release|Any CPU
		{BC877CB5-0D34-486B-AC6B-399426183E57}.Release|x64.Build.0 = Release|Any CPU
		{BC877CB5-0D34-486B-AC6B-399426183E57}.Release|x86.ActiveCfg = Release|Any CPU
		{BC877CB5-0D34-486B-AC6B-399426183E57}.Release|x86.Build.0 = Release|Any CPU
		{30D8C048-61AC-40D7-8741-D73BE2C6D1B5}.Debug|Any CPU.ActiveCfg = Debug|Any CPU
		{30D8C048-61AC-40D7-8741-D73BE2C6D1B5}.Debug|Any CPU.Build.0 = Debug|Any CPU
		{30D8C048-61AC-40D7-8741-D73BE2C6D1B5}.Debug|x64.ActiveCfg = Debug|Any CPU
		{30D8C048-61AC-40D7-8741-D73BE2C6D1B5}.Debug|x64.Build.0 = Debug|Any CPU
		{30D8C048-61AC-40D7-8741-D73BE2C6D1B5}.Debug|x86.ActiveCfg = Debug|Any CPU
		{30D8C048-61AC-40D7-8741-D73BE2C6D1B5}.Debug|x86.Build.0 = Debug|Any CPU
		{30D8C048-61AC-40D7-8741-D73BE2C6D1B5}.Release|Any CPU.ActiveCfg = Release|Any CPU
		{30D8C048-61AC-40D7-8741-D73BE2C6D1B5}.Release|Any CPU.Build.0 = Release|Any CPU
		{30D8C048-61AC-40D7-8741-D73BE2C6D1B5}.Release|x64.ActiveCfg = Release|Any CPU
		{30D8C048-61AC-40D7-8741-D73BE2C6D1B5}.Release|x64.Build.0 = Release|Any CPU
		{30D8C048-61AC-40D7-8741-D73BE2C6D1B5}.Release|x86.ActiveCfg = Release|Any CPU
		{30D8C048-61AC-40D7-8741-D73BE2C6D1B5}.Release|x86.Build.0 = Release|Any CPU
	EndGlobalSection
EndGlobal
